// !$*UTF8*$!
{
	archiveVersion = 1;
	classes = {
	};
	objectVersion = 51;
	objects = {

/* Begin PBXBuildFile section */
		57708B82957C79E4F8F5F5FC /* Pods_CovidNews.framework in Frameworks */ = {isa = PBXBuildFile; fileRef = 869A0815C1C8AC028C6845F3 /* Pods_CovidNews.framework */; };
		DA174B742554153400D7971D /* NewsViewController.swift in Sources */ = {isa = PBXBuildFile; fileRef = DA174B722554153400D7971D /* NewsViewController.swift */; };
		DA174B7C255415BA00D7971D /* NewsCollectionCell.swift in Sources */ = {isa = PBXBuildFile; fileRef = DA174B7A255415BA00D7971D /* NewsCollectionCell.swift */; };
		DA174B8B2554275000D7971D /* TableViewCell.swift in Sources */ = {isa = PBXBuildFile; fileRef = DA174B8A2554275000D7971D /* TableViewCell.swift */; };
		DA174B8E2554277600D7971D /* TableViewController.swift in Sources */ = {isa = PBXBuildFile; fileRef = DA174B8D2554277600D7971D /* TableViewController.swift */; };
		DA174B9825542C6300D7971D /* LogoOutViewController.swift in Sources */ = {isa = PBXBuildFile; fileRef = DA174B9725542C6300D7971D /* LogoOutViewController.swift */; };
		DA174B9B25543AA000D7971D /* ViewControllerInTable.swift in Sources */ = {isa = PBXBuildFile; fileRef = DA174B9A25543AA000D7971D /* ViewControllerInTable.swift */; };
		DA1A8DE32553144E00B6724F /* AppDelegate.swift in Sources */ = {isa = PBXBuildFile; fileRef = DA1A8DE22553144E00B6724F /* AppDelegate.swift */; };
		DA1A8DE52553144E00B6724F /* SceneDelegate.swift in Sources */ = {isa = PBXBuildFile; fileRef = DA1A8DE42553144E00B6724F /* SceneDelegate.swift */; };
		DA1A8DE72553144E00B6724F /* FirstViewController.swift in Sources */ = {isa = PBXBuildFile; fileRef = DA1A8DE62553144E00B6724F /* FirstViewController.swift */; };
		DA1A8DEA2553144E00B6724F /* Main.storyboard in Resources */ = {isa = PBXBuildFile; fileRef = DA1A8DE82553144E00B6724F /* Main.storyboard */; };
		DA1A8DEC2553144F00B6724F /* Assets.xcassets in Resources */ = {isa = PBXBuildFile; fileRef = DA1A8DEB2553144F00B6724F /* Assets.xcassets */; };
		DA1A8DEF2553144F00B6724F /* LaunchScreen.storyboard in Resources */ = {isa = PBXBuildFile; fileRef = DA1A8DED2553144F00B6724F /* LaunchScreen.storyboard */; };
		DA30DE93256067540013BB1B /* StructCollectionView.swift in Sources */ = {isa = PBXBuildFile; fileRef = DA30DE92256067540013BB1B /* StructCollectionView.swift */; };
		DA30DE96256067640013BB1B /* StructTableNews.swift in Sources */ = {isa = PBXBuildFile; fileRef = DA30DE95256067640013BB1B /* StructTableNews.swift */; };
		DA5AB9D42561CD0100E6506F /* DetailNewsViewController.swift in Sources */ = {isa = PBXBuildFile; fileRef = DA5AB9D32561CD0100E6506F /* DetailNewsViewController.swift */; };
		DAA970BC25627A60003879B7 /* SaveUserName.swift in Sources */ = {isa = PBXBuildFile; fileRef = DAA970BB25627A60003879B7 /* SaveUserName.swift */; };
		DAC5BF4C2565589800991F51 /* tabBarViewController.swift in Sources */ = {isa = PBXBuildFile; fileRef = DAC5BF4B2565589800991F51 /* tabBarViewController.swift */; };
		DACF4BCE25714F6900610D76 /* SavePassController.swift in Sources */ = {isa = PBXBuildFile; fileRef = DACF4BCD25714F6900610D76 /* SavePassController.swift */; };
/* End PBXBuildFile section */

/* Begin PBXFileReference section */
		4EB6C09D83A1F2D0D2B4764C /* Pods-CovidNews.release.xcconfig */ = {isa = PBXFileReference; includeInIndex = 1; lastKnownFileType = text.xcconfig; name = "Pods-CovidNews.release.xcconfig"; path = "Target Support Files/Pods-CovidNews/Pods-CovidNews.release.xcconfig"; sourceTree = "<group>"; };
		869A0815C1C8AC028C6845F3 /* Pods_CovidNews.framework */ = {isa = PBXFileReference; explicitFileType = wrapper.framework; includeInIndex = 0; path = Pods_CovidNews.framework; sourceTree = BUILT_PRODUCTS_DIR; };
		9C5EFADA387FFA2CDBFD2EEC /* Pods-CovidNews.debug.xcconfig */ = {isa = PBXFileReference; includeInIndex = 1; lastKnownFileType = text.xcconfig; name = "Pods-CovidNews.debug.xcconfig"; path = "Target Support Files/Pods-CovidNews/Pods-CovidNews.debug.xcconfig"; sourceTree = "<group>"; };
		DA174B722554153400D7971D /* NewsViewController.swift */ = {isa = PBXFileReference; lastKnownFileType = sourcecode.swift; path = NewsViewController.swift; sourceTree = "<group>"; };
		DA174B7A255415BA00D7971D /* NewsCollectionCell.swift */ = {isa = PBXFileReference; lastKnownFileType = sourcecode.swift; path = NewsCollectionCell.swift; sourceTree = "<group>"; };
		DA174B8A2554275000D7971D /* TableViewCell.swift */ = {isa = PBXFileReference; lastKnownFileType = sourcecode.swift; path = TableViewCell.swift; sourceTree = "<group>"; };
		DA174B8D2554277600D7971D /* TableViewController.swift */ = {isa = PBXFileReference; lastKnownFileType = sourcecode.swift; path = TableViewController.swift; sourceTree = "<group>"; };
		DA174B9725542C6300D7971D /* LogoOutViewController.swift */ = {isa = PBXFileReference; lastKnownFileType = sourcecode.swift; path = LogoOutViewController.swift; sourceTree = "<group>"; };
		DA174B9A25543AA000D7971D /* ViewControllerInTable.swift */ = {isa = PBXFileReference; lastKnownFileType = sourcecode.swift; path = ViewControllerInTable.swift; sourceTree = "<group>"; };
		DA1A8DDF2553144E00B6724F /* CovidNews.app */ = {isa = PBXFileReference; explicitFileType = wrapper.application; includeInIndex = 0; path = CovidNews.app; sourceTree = BUILT_PRODUCTS_DIR; };
		DA1A8DE22553144E00B6724F /* AppDelegate.swift */ = {isa = PBXFileReference; lastKnownFileType = sourcecode.swift; path = AppDelegate.swift; sourceTree = "<group>"; };
		DA1A8DE42553144E00B6724F /* SceneDelegate.swift */ = {isa = PBXFileReference; lastKnownFileType = sourcecode.swift; path = SceneDelegate.swift; sourceTree = "<group>"; };
		DA1A8DE62553144E00B6724F /* FirstViewController.swift */ = {isa = PBXFileReference; lastKnownFileType = sourcecode.swift; path = FirstViewController.swift; sourceTree = "<group>"; };
		DA1A8DE92553144E00B6724F /* Base */ = {isa = PBXFileReference; lastKnownFileType = file.storyboard; name = Base; path = Base.lproj/Main.storyboard; sourceTree = "<group>"; };
		DA1A8DEB2553144F00B6724F /* Assets.xcassets */ = {isa = PBXFileReference; lastKnownFileType = folder.assetcatalog; path = Assets.xcassets; sourceTree = "<group>"; };
		DA1A8DEE2553144F00B6724F /* Base */ = {isa = PBXFileReference; lastKnownFileType = file.storyboard; name = Base; path = Base.lproj/LaunchScreen.storyboard; sourceTree = "<group>"; };
		DA1A8DF02553144F00B6724F /* Info.plist */ = {isa = PBXFileReference; lastKnownFileType = text.plist.xml; path = Info.plist; sourceTree = "<group>"; };
		DA30DE92256067540013BB1B /* StructCollectionView.swift */ = {isa = PBXFileReference; lastKnownFileType = sourcecode.swift; path = StructCollectionView.swift; sourceTree = "<group>"; };
		DA30DE95256067640013BB1B /* StructTableNews.swift */ = {isa = PBXFileReference; lastKnownFileType = sourcecode.swift; path = StructTableNews.swift; sourceTree = "<group>"; };
		DA5AB9D32561CD0100E6506F /* DetailNewsViewController.swift */ = {isa = PBXFileReference; lastKnownFileType = sourcecode.swift; path = DetailNewsViewController.swift; sourceTree = "<group>"; };
		DAA970BB25627A60003879B7 /* SaveUserName.swift */ = {isa = PBXFileReference; lastKnownFileType = sourcecode.swift; path = SaveUserName.swift; sourceTree = "<group>"; };
		DAC5BF4B2565589800991F51 /* tabBarViewController.swift */ = {isa = PBXFileReference; lastKnownFileType = sourcecode.swift; path = tabBarViewController.swift; sourceTree = "<group>"; };
		DACF4BCD25714F6900610D76 /* SavePassController.swift */ = {isa = PBXFileReference; lastKnownFileType = sourcecode.swift; path = SavePassController.swift; sourceTree = "<group>"; };
/* End PBXFileReference section */

/* Begin PBXFrameworksBuildPhase section */
		DA1A8DDC2553144E00B6724F /* Frameworks */ = {
			isa = PBXFrameworksBuildPhase;
			buildActionMask = 2147483647;
			files = (
				57708B82957C79E4F8F5F5FC /* Pods_CovidNews.framework in Frameworks */,
			);
			runOnlyForDeploymentPostprocessing = 0;
		};
/* End PBXFrameworksBuildPhase section */

/* Begin PBXGroup section */
		0455F48B58EC2676ED83F487 /* Pods */ = {
			isa = PBXGroup;
			children = (
				9C5EFADA387FFA2CDBFD2EEC /* Pods-CovidNews.debug.xcconfig */,
				4EB6C09D83A1F2D0D2B4764C /* Pods-CovidNews.release.xcconfig */,
			);
			path = Pods;
			sourceTree = "<group>";
		};
		1251AB37C1C752206BE8B283 /* Frameworks */ = {
			isa = PBXGroup;
			children = (
				869A0815C1C8AC028C6845F3 /* Pods_CovidNews.framework */,
			);
			name = Frameworks;
			sourceTree = "<group>";
		};
		DA174B772554154200D7971D /* NewsCollection */ = {
			isa = PBXGroup;
			children = (
				DA174B7A255415BA00D7971D /* NewsCollectionCell.swift */,
				DA174B722554153400D7971D /* NewsViewController.swift */,
				DA5AB9D32561CD0100E6506F /* DetailNewsViewController.swift */,
			);
			path = NewsCollection;
			sourceTree = "<group>";
		};
		DA174B8425541F3500D7971D /* Struct */ = {
			isa = PBXGroup;
			children = (
				DA30DE92256067540013BB1B /* StructCollectionView.swift */,
				DA30DE95256067640013BB1B /* StructTableNews.swift */,
				DAA970BB25627A60003879B7 /* SaveUserName.swift */,
				DACF4BCD25714F6900610D76 /* SavePassController.swift */,
			);
			path = Struct;
			sourceTree = "<group>";
		};
		DA174B902554277C00D7971D /* TableStatisticsCovid */ = {
			isa = PBXGroup;
			children = (
				DA174B8A2554275000D7971D /* TableViewCell.swift */,
				DA174B8D2554277600D7971D /* TableViewController.swift */,
				DA174B9A25543AA000D7971D /* ViewControllerInTable.swift */,
			);
			path = TableStatisticsCovid;
			sourceTree = "<group>";
		};
		DA1A8DD62553144E00B6724F = {
			isa = PBXGroup;
			children = (
				DA1A8DE12553144E00B6724F /* CovidNews */,
				DA1A8DE02553144E00B6724F /* Products */,
				0455F48B58EC2676ED83F487 /* Pods */,
				1251AB37C1C752206BE8B283 /* Frameworks */,
			);
			sourceTree = "<group>";
		};
		DA1A8DE02553144E00B6724F /* Products */ = {
			isa = PBXGroup;
			children = (
				DA1A8DDF2553144E00B6724F /* CovidNews.app */,
			);
			name = Products;
			sourceTree = "<group>";
		};
		DA1A8DE12553144E00B6724F /* CovidNews */ = {
			isa = PBXGroup;
			children = (
				DA1A8DE22553144E00B6724F /* AppDelegate.swift */,
				DA1A8DE42553144E00B6724F /* SceneDelegate.swift */,
				DA1A8DE82553144E00B6724F /* Main.storyboard */,
				DAC5BF4B2565589800991F51 /* tabBarViewController.swift */,
				DA174B902554277C00D7971D /* TableStatisticsCovid */,
				DA174B772554154200D7971D /* NewsCollection */,
				DA174B8425541F3500D7971D /* Struct */,
				DA1A8DE62553144E00B6724F /* FirstViewController.swift */,
				DA174B9725542C6300D7971D /* LogoOutViewController.swift */,
				DA1A8DEB2553144F00B6724F /* Assets.xcassets */,
				DA1A8DED2553144F00B6724F /* LaunchScreen.storyboard */,
				DA1A8DF02553144F00B6724F /* Info.plist */,
			);
			path = CovidNews;
			sourceTree = "<group>";
		};
/* End PBXGroup section */

/* Begin PBXNativeTarget section */
		DA1A8DDE2553144E00B6724F /* CovidNews */ = {
			isa = PBXNativeTarget;
			buildConfigurationList = DA1A8DF32553144F00B6724F /* Build configuration list for PBXNativeTarget "CovidNews" */;
			buildPhases = (
				BA87F31C7C9AF4DAA537BDD0 /* [CP] Check Pods Manifest.lock */,
				DA1A8DDB2553144E00B6724F /* Sources */,
				DA1A8DDC2553144E00B6724F /* Frameworks */,
				DA1A8DDD2553144E00B6724F /* Resources */,
				B9E4DE12228BE9949DDF4ADF /* [CP] Embed Pods Frameworks */,
			);
			buildRules = (
			);
			dependencies = (
			);
			name = CovidNews;
			productName = CovidNews;
			productReference = DA1A8DDF2553144E00B6724F /* CovidNews.app */;
			productType = "com.apple.product-type.application";
		};
/* End PBXNativeTarget section */

/* Begin PBXProject section */
		DA1A8DD72553144E00B6724F /* Project object */ = {
			isa = PBXProject;
			attributes = {
				LastSwiftUpdateCheck = 1210;
				LastUpgradeCheck = 1210;
				TargetAttributes = {
					DA1A8DDE2553144E00B6724F = {
						CreatedOnToolsVersion = 12.1;
					};
				};
			};
			buildConfigurationList = DA1A8DDA2553144E00B6724F /* Build configuration list for PBXProject "CovidNews" */;
			compatibilityVersion = "Xcode 9.3";
			developmentRegion = en;
			hasScannedForEncodings = 0;
			knownRegions = (
				en,
				Base,
			);
			mainGroup = DA1A8DD62553144E00B6724F;
			productRefGroup = DA1A8DE02553144E00B6724F /* Products */;
			projectDirPath = "";
			projectRoot = "";
			targets = (
				DA1A8DDE2553144E00B6724F /* CovidNews */,
			);
		};
/* End PBXProject section */

/* Begin PBXResourcesBuildPhase section */
		DA1A8DDD2553144E00B6724F /* Resources */ = {
			isa = PBXResourcesBuildPhase;
			buildActionMask = 2147483647;
			files = (
				DA1A8DEF2553144F00B6724F /* LaunchScreen.storyboard in Resources */,
				DA1A8DEC2553144F00B6724F /* Assets.xcassets in Resources */,
				DA1A8DEA2553144E00B6724F /* Main.storyboard in Resources */,
			);
			runOnlyForDeploymentPostprocessing = 0;
		};
/* End PBXResourcesBuildPhase section */

/* Begin PBXShellScriptBuildPhase section */
		B9E4DE12228BE9949DDF4ADF /* [CP] Embed Pods Frameworks */ = {
			isa = PBXShellScriptBuildPhase;
			buildActionMask = 2147483647;
			files = (
			);
			inputFileListPaths = (
				"${PODS_ROOT}/Target Support Files/Pods-CovidNews/Pods-CovidNews-frameworks-${CONFIGURATION}-input-files.xcfilelist",
			);
			name = "[CP] Embed Pods Frameworks";
			outputFileListPaths = (
				"${PODS_ROOT}/Target Support Files/Pods-CovidNews/Pods-CovidNews-frameworks-${CONFIGURATION}-output-files.xcfilelist",
			);
			runOnlyForDeploymentPostprocessing = 0;
			shellPath = /bin/sh;
			shellScript = "\"${PODS_ROOT}/Target Support Files/Pods-CovidNews/Pods-CovidNews-frameworks.sh\"\n";
			showEnvVarsInLog = 0;
		};
		BA87F31C7C9AF4DAA537BDD0 /* [CP] Check Pods Manifest.lock */ = {
			isa = PBXShellScriptBuildPhase;
			buildActionMask = 2147483647;
			files = (
			);
			inputFileListPaths = (
			);
			inputPaths = (
				"${PODS_PODFILE_DIR_PATH}/Podfile.lock",
				"${PODS_ROOT}/Manifest.lock",
			);
			name = "[CP] Check Pods Manifest.lock";
			outputFileListPaths = (
			);
			outputPaths = (
				"$(DERIVED_FILE_DIR)/Pods-CovidNews-checkManifestLockResult.txt",
			);
			runOnlyForDeploymentPostprocessing = 0;
			shellPath = /bin/sh;
			shellScript = "diff \"${PODS_PODFILE_DIR_PATH}/Podfile.lock\" \"${PODS_ROOT}/Manifest.lock\" > /dev/null\nif [ $? != 0 ] ; then\n    # print error to STDERR\n    echo \"error: The sandbox is not in sync with the Podfile.lock. Run 'pod install' or update your CocoaPods installation.\" >&2\n    exit 1\nfi\n# This output is used by Xcode 'outputs' to avoid re-running this script phase.\necho \"SUCCESS\" > \"${SCRIPT_OUTPUT_FILE_0}\"\n";
			showEnvVarsInLog = 0;
		};
/* End PBXShellScriptBuildPhase section */

/* Begin PBXSourcesBuildPhase section */
		DA1A8DDB2553144E00B6724F /* Sources */ = {
			isa = PBXSourcesBuildPhase;
			buildActionMask = 2147483647;
			files = (
				DA30DE93256067540013BB1B /* StructCollectionView.swift in Sources */,
				DA1A8DE72553144E00B6724F /* FirstViewController.swift in Sources */,
				DA174B742554153400D7971D /* NewsViewController.swift in Sources */,
				DAA970BC25627A60003879B7 /* SaveUserName.swift in Sources */,
				DA174B8E2554277600D7971D /* TableViewController.swift in Sources */,
				DA5AB9D42561CD0100E6506F /* DetailNewsViewController.swift in Sources */,
				DA1A8DE32553144E00B6724F /* AppDelegate.swift in Sources */,
				DACF4BCE25714F6900610D76 /* SavePassController.swift in Sources */,
				DA30DE96256067640013BB1B /* StructTableNews.swift in Sources */,
				DA174B7C255415BA00D7971D /* NewsCollectionCell.swift in Sources */,
				DA174B8B2554275000D7971D /* TableViewCell.swift in Sources */,
				DAC5BF4C2565589800991F51 /* tabBarViewController.swift in Sources */,
				DA174B9825542C6300D7971D /* LogoOutViewController.swift in Sources */,
				DA174B9B25543AA000D7971D /* ViewControllerInTable.swift in Sources */,
				DA1A8DE52553144E00B6724F /* SceneDelegate.swift in Sources */,
			);
			runOnlyForDeploymentPostprocessing = 0;
		};
/* End PBXSourcesBuildPhase section */

/* Begin PBXVariantGroup section */
		DA1A8DE82553144E00B6724F /* Main.storyboard */ = {
			isa = PBXVariantGroup;
			children = (
				DA1A8DE92553144E00B6724F /* Base */,
			);
			name = Main.storyboard;
			sourceTree = "<group>";
		};
		DA1A8DED2553144F00B6724F /* LaunchScreen.storyboard */ = {
			isa = PBXVariantGroup;
			children = (
				DA1A8DEE2553144F00B6724F /* Base */,
			);
			name = LaunchScreen.storyboard;
			sourceTree = "<group>";
		};
/* End PBXVariantGroup section */

/* Begin XCBuildConfiguration section */
		DA1A8DF12553144F00B6724F /* Debug */ = {
			isa = XCBuildConfiguration;
			buildSettings = {
				ALWAYS_SEARCH_USER_PATHS = NO;
				CLANG_ANALYZER_NONNULL = YES;
				CLANG_ANALYZER_NUMBER_OBJECT_CONVERSION = YES_AGGRESSIVE;
				CLANG_CXX_LANGUAGE_STANDARD = "gnu++14";
				CLANG_CXX_LIBRARY = "libc++";
				CLANG_ENABLE_MODULES = YES;
				CLANG_ENABLE_OBJC_ARC = YES;
				CLANG_ENABLE_OBJC_WEAK = YES;
				CLANG_WARN_BLOCK_CAPTURE_AUTORELEASING = YES;
				CLANG_WARN_BOOL_CONVERSION = YES;
				CLANG_WARN_COMMA = YES;
				CLANG_WARN_CONSTANT_CONVERSION = YES;
				CLANG_WARN_DEPRECATED_OBJC_IMPLEMENTATIONS = YES;
				CLANG_WARN_DIRECT_OBJC_ISA_USAGE = YES_ERROR;
				CLANG_WARN_DOCUMENTATION_COMMENTS = YES;
				CLANG_WARN_EMPTY_BODY = YES;
				CLANG_WARN_ENUM_CONVERSION = YES;
				CLANG_WARN_INFINITE_RECURSION = YES;
				CLANG_WARN_INT_CONVERSION = YES;
				CLANG_WARN_NON_LITERAL_NULL_CONVERSION = YES;
				CLANG_WARN_OBJC_IMPLICIT_RETAIN_SELF = YES;
				CLANG_WARN_OBJC_LITERAL_CONVERSION = YES;
				CLANG_WARN_OBJC_ROOT_CLASS = YES_ERROR;
				CLANG_WARN_QUOTED_INCLUDE_IN_FRAMEWORK_HEADER = YES;
				CLANG_WARN_RANGE_LOOP_ANALYSIS = YES;
				CLANG_WARN_STRICT_PROTOTYPES = YES;
				CLANG_WARN_SUSPICIOUS_MOVE = YES;
				CLANG_WARN_UNGUARDED_AVAILABILITY = YES_AGGRESSIVE;
				CLANG_WARN_UNREACHABLE_CODE = YES;
				CLANG_WARN__DUPLICATE_METHOD_MATCH = YES;
				COPY_PHASE_STRIP = NO;
				DEBUG_INFORMATION_FORMAT = dwarf;
				ENABLE_STRICT_OBJC_MSGSEND = YES;
				ENABLE_TESTABILITY = YES;
				GCC_C_LANGUAGE_STANDARD = gnu11;
				GCC_DYNAMIC_NO_PIC = NO;
				GCC_NO_COMMON_BLOCKS = YES;
				GCC_OPTIMIZATION_LEVEL = 0;
				GCC_PREPROCESSOR_DEFINITIONS = (
					"DEBUG=1",
					"$(inherited)",
				);
				GCC_WARN_64_TO_32_BIT_CONVERSION = YES;
				GCC_WARN_ABOUT_RETURN_TYPE = YES_ERROR;
				GCC_WARN_UNDECLARED_SELECTOR = YES;
				GCC_WARN_UNINITIALIZED_AUTOS = YES_AGGRESSIVE;
				GCC_WARN_UNUSED_FUNCTION = YES;
				GCC_WARN_UNUSED_VARIABLE = YES;
				IPHONEOS_DEPLOYMENT_TARGET = 14.1;
				MTL_ENABLE_DEBUG_INFO = INCLUDE_SOURCE;
				MTL_FAST_MATH = YES;
				ONLY_ACTIVE_ARCH = YES;
				SDKROOT = iphoneos;
				SWIFT_ACTIVE_COMPILATION_CONDITIONS = DEBUG;
				SWIFT_OPTIMIZATION_LEVEL = "-Onone";
			};
			name = Debug;
		};
		DA1A8DF22553144F00B6724F /* Release */ = {
			isa = XCBuildConfiguration;
			buildSettings = {
				ALWAYS_SEARCH_USER_PATHS = NO;
				CLANG_ANALYZER_NONNULL = YES;
				CLANG_ANALYZER_NUMBER_OBJECT_CONVERSION = YES_AGGRESSIVE;
				CLANG_CXX_LANGUAGE_STANDARD = "gnu++14";
				CLANG_CXX_LIBRARY = "libc++";
				CLANG_ENABLE_MODULES = YES;
				CLANG_ENABLE_OBJC_ARC = YES;
				CLANG_ENABLE_OBJC_WEAK = YES;
				CLANG_WARN_BLOCK_CAPTURE_AUTORELEASING = YES;
				CLANG_WARN_BOOL_CONVERSION = YES;
				CLANG_WARN_COMMA = YES;
				CLANG_WARN_CONSTANT_CONVERSION = YES;
				CLANG_WARN_DEPRECATED_OBJC_IMPLEMENTATIONS = YES;
				CLANG_WARN_DIRECT_OBJC_ISA_USAGE = YES_ERROR;
				CLANG_WARN_DOCUMENTATION_COMMENTS = YES;
				CLANG_WARN_EMPTY_BODY = YES;
				CLANG_WARN_ENUM_CONVERSION = YES;
				CLANG_WARN_INFINITE_RECURSION = YES;
				CLANG_WARN_INT_CONVERSION = YES;
				CLANG_WARN_NON_LITERAL_NULL_CONVERSION = YES;
				CLANG_WARN_OBJC_IMPLICIT_RETAIN_SELF = YES;
				CLANG_WARN_OBJC_LITERAL_CONVERSION = YES;
				CLANG_WARN_OBJC_ROOT_CLASS = YES_ERROR;
				CLANG_WARN_QUOTED_INCLUDE_IN_FRAMEWORK_HEADER = YES;
				CLANG_WARN_RANGE_LOOP_ANALYSIS = YES;
				CLANG_WARN_STRICT_PROTOTYPES = YES;
				CLANG_WARN_SUSPICIOUS_MOVE = YES;
				CLANG_WARN_UNGUARDED_AVAILABILITY = YES_AGGRESSIVE;
				CLANG_WARN_UNREACHABLE_CODE = YES;
				CLANG_WARN__DUPLICATE_METHOD_MATCH = YES;
				COPY_PHASE_STRIP = NO;
				DEBUG_INFORMATION_FORMAT = "dwarf-with-dsym";
				ENABLE_NS_ASSERTIONS = NO;
				ENABLE_STRICT_OBJC_MSGSEND = YES;
				GCC_C_LANGUAGE_STANDARD = gnu11;
				GCC_NO_COMMON_BLOCKS = YES;
				GCC_WARN_64_TO_32_BIT_CONVERSION = YES;
				GCC_WARN_ABOUT_RETURN_TYPE = YES_ERROR;
				GCC_WARN_UNDECLARED_SELECTOR = YES;
				GCC_WARN_UNINITIALIZED_AUTOS = YES_AGGRESSIVE;
				GCC_WARN_UNUSED_FUNCTION = YES;
				GCC_WARN_UNUSED_VARIABLE = YES;
				IPHONEOS_DEPLOYMENT_TARGET = 14.1;
				MTL_ENABLE_DEBUG_INFO = NO;
				MTL_FAST_MATH = YES;
				SDKROOT = iphoneos;
				SWIFT_COMPILATION_MODE = wholemodule;
				SWIFT_OPTIMIZATION_LEVEL = "-O";
				VALIDATE_PRODUCT = YES;
			};
			name = Release;
		};
		DA1A8DF42553144F00B6724F /* Debug */ = {
			isa = XCBuildConfiguration;
			baseConfigurationReference = 9C5EFADA387FFA2CDBFD2EEC /* Pods-CovidNews.debug.xcconfig */;
			buildSettings = {
				ASSETCATALOG_COMPILER_APPICON_NAME = AppIcon;
				ASSETCATALOG_COMPILER_GLOBAL_ACCENT_COLOR_NAME = AccentColor;
				CODE_SIGN_STYLE = Automatic;
				DEVELOPMENT_TEAM = 9JFZQCSP3K;
				INFOPLIST_FILE = CovidNews/Info.plist;
				LD_RUNPATH_SEARCH_PATHS = (
					"$(inherited)",
					"@executable_path/Frameworks",
				);
				PRODUCT_BUNDLE_IDENTIFIER = turion789.CovidNews;
				PRODUCT_NAME = "$(TARGET_NAME)";
				SWIFT_VERSION = 5.0;
				TARGETED_DEVICE_FAMILY = "1,2";
			};
			name = Debug;
		};
		DA1A8DF52553144F00B6724F /* Release */ = {
			isa = XCBuildConfiguration;
			baseConfigurationReference = 4EB6C09D83A1F2D0D2B4764C /* Pods-CovidNews.release.xcconfig */;
			buildSettings = {
				ASSETCATALOG_COMPILER_APPICON_NAME = AppIcon;
				ASSETCATALOG_COMPILER_GLOBAL_ACCENT_COLOR_NAME = AccentColor;
				CODE_SIGN_STYLE = Automatic;
				DEVELOPMENT_TEAM = 9JFZQCSP3K;
				INFOPLIST_FILE = CovidNews/Info.plist;
				LD_RUNPATH_SEARCH_PATHS = (
					"$(inherited)",
					"@executable_path/Frameworks",
				);
				PRODUCT_BUNDLE_IDENTIFIER = turion789.CovidNews;
				PRODUCT_NAME = "$(TARGET_NAME)";
				SWIFT_VERSION = 5.0;
				TARGETED_DEVICE_FAMILY = "1,2";
			};
			name = Release;
		};
/* End XCBuildConfiguration section */

/* Begin XCConfigurationList section */
		DA1A8DDA2553144E00B6724F /* Build configuration list for PBXProject "CovidNews" */ = {
			isa = XCConfigurationList;
			buildConfigurations = (
				DA1A8DF12553144F00B6724F /* Debug */,
				DA1A8DF22553144F00B6724F /* Release */,
			);
			defaultConfigurationIsVisible = 0;
			defaultConfigurationName = Release;
		};
		DA1A8DF32553144F00B6724F /* Build configuration list for PBXNativeTarget "CovidNews" */ = {
			isa = XCConfigurationList;
			buildConfigurations = (
				DA1A8DF42553144F00B6724F /* Debug */,
				DA1A8DF52553144F00B6724F /* Release */,
			);
			defaultConfigurationIsVisible = 0;
			defaultConfigurationName = Release;
		};
/* End XCConfigurationList section */
	};
	rootObject = DA1A8DD72553144E00B6724F /* Project object */;
}
